{
  "name": "@bjerk/brand",
  "version": "0.0.0",
  "lockfileVersion": 1,
  "requires": true,
  "dependencies": {
    "figmagic": {
      "version": "4.4.1",
      "resolved": "https://registry.npmjs.org/figmagic/-/figmagic-4.4.1.tgz",
      "integrity": "sha512-dpCgBljsmgCwXw6TxC89nXePHt9bcHkhVDPvJY3dWkb4Gb2vfMKJP/mNc0gfk2hhGCCacZHp7SWB0w0HU03rsQ==",
      "dev": true
    }
  }
}
